
Microsoft Visual Studio Solution File, Format Version 12.00
# Visual Studio Version 17
VisualStudioVersion = 17.8.34601.278
MinimumVisualStudioVersion = 10.0.40219.1
Project("{9A19103F-16F7-4668-BE54-9A1E7A4F7556}") = "AILogisticsAutomation", "AILogisticsAutomation.csproj", "{FBAC8851-3901-4BC3-A3A9-5AB3AD9BF93D}"
EndProject
Global
	GlobalSection(SolutionConfigurationPlatforms) = preSolution
		Debug|Any CPU = Debug|Any CPU
		Debug|x64 = Debug|x64
		Release|Any CPU = Release|Any CPU
		Release|x64 = Release|x64
	EndGlobalSection
	GlobalSection(ProjectConfigurationPlatforms) = postSolution
		{FBAC8851-3901-4BC3-A3A9-5AB3AD9BF93D}.Debug|Any CPU.ActiveCfg = Debug|Any CPU
		{FBAC8851-3901-4BC3-A3A9-5AB3AD9BF93D}.Debug|Any CPU.Build.0 = Debug|Any CPU
		{FBAC8851-3901-4BC3-A3A9-5AB3AD9BF93D}.Debug|x64.ActiveCfg = Debug|x64
		{FBAC8851-3901-4BC3-A3A9-5AB3AD9BF93D}.Debug|x64.Build.0 = Debug|x64
		{FBAC8851-3901-4BC3-A3A9-5AB3AD9BF93D}.Release|Any CPU.ActiveCfg = Release|Any CPU
		{FBAC8851-3901-4BC3-A3A9-5AB3AD9BF93D}.Release|Any CPU.Build.0 = Release|Any CPU
		{FBAC8851-3901-4BC3-A3A9-5AB3AD9BF93D}.Release|x64.ActiveCfg = Release|x64
		{FBAC8851-3901-4BC3-A3A9-5AB3AD9BF93D}.Release|x64.Build.0 = Release|x64
	EndGlobalSection
	GlobalSection(SolutionProperties) = preSolution
		HideSolutionNode = FALSE
	EndGlobalSection
	GlobalSection(ExtensibilityGlobals) = postSolution
		SolutionGuid = {B5B84F6B-F309-4A2C-BDE2-25CAF8F13C02}
	EndGlobalSection
EndGlobal
